
Microsoft Visual Studio Solution File, Format Version 12.00
# Visual Studio Version 16
VisualStudioVersion = 16.0.30320.27
MinimumVisualStudioVersion = 10.0.40219.1
Project("{FAE04EC0-301F-11D3-BF4B-00C04F79EFBC}") = "DynamicObject", "DynamicObject\DynamicObject.csproj", "{7734E70F-F0CE-46C7-B7DD-EAE2E8CC40DD}"
EndProject
Global
	GlobalSection(SolutionConfigurationPlatforms) = preSolution
		Debug|Any CPU = Debug|Any CPU
		Release|Any CPU = Release|Any CPU
	EndGlobalSection
	GlobalSection(ProjectConfigurationPlatforms) = postSolution
		{7734E70F-F0CE-46C7-B7DD-EAE2E8CC40DD}.Debug|Any CPU.ActiveCfg = Debug|Any CPU
		{7734E70F-F0CE-46C7-B7DD-EAE2E8CC40DD}.Debug|Any CPU.Build.0 = Debug|Any CPU
		{7734E70F-F0CE-46C7-B7DD-EAE2E8CC40DD}.Release|Any CPU.ActiveCfg = Release|Any CPU
		{7734E70F-F0CE-46C7-B7DD-EAE2E8CC40DD}.Release|Any CPU.Build.0 = Release|Any CPU
	EndGlobalSection
	GlobalSection(SolutionProperties) = preSolution
		HideSolutionNode = FALSE
	EndGlobalSection
	GlobalSection(ExtensibilityGlobals) = postSolution
		SolutionGuid = {DC05E33F-26C3-4293-AF3F-44B7936A7518}
	EndGlobalSection
EndGlobal
